
Microsoft Visual Studio Solution File, Format Version 12.00
# Visual Studio Version 16
VisualStudioVersion = 16.0.29025.244
MinimumVisualStudioVersion = 10.0.40219.1
Project("{FAE04EC0-301F-11D3-BF4B-00C04F79EFBC}") = "Notifications.Test", "Notifications.Test\Notifications.Test.csproj", "{DDDCC5A0-819B-4C9F-AB3C-BAABD8063149}"
EndProject
Global
	GlobalSection(SolutionConfigurationPlatforms) = preSolution
		Debug|Any CPU = Debug|Any CPU
		Release|Any CPU = Release|Any CPU
	EndGlobalSection
	GlobalSection(ProjectConfigurationPlatforms) = postSolution
		{DDDCC5A0-819B-4C9F-AB3C-BAABD8063149}.Debug|Any CPU.ActiveCfg = Debug|Any CPU
		{DDDCC5A0-819B-4C9F-AB3C-BAABD8063149}.Debug|Any CPU.Build.0 = Debug|Any CPU
		{DDDCC5A0-819B-4C9F-AB3C-BAABD8063149}.Release|Any CPU.ActiveCfg = Release|Any CPU
		{DDDCC5A0-819B-4C9F-AB3C-BAABD8063149}.Release|Any CPU.Build.0 = Release|Any CPU
	EndGlobalSection
	GlobalSection(SolutionProperties) = preSolution
		HideSolutionNode = FALSE
	EndGlobalSection
	GlobalSection(ExtensibilityGlobals) = postSolution
		SolutionGuid = {4A320B03-358A-4841-A9BC-7F882545D11B}
	EndGlobalSection
EndGlobal
